
Microsoft Visual Studio Solution File, Format Version 12.00
# Visual Studio Version 16
VisualStudioVersion = 16.0.29102.190
MinimumVisualStudioVersion = 10.0.40219.1
Project("{FAE04EC0-301F-11D3-BF4B-00C04F79EFBC}") = "project1", "project1.csproj", "{17B15D4B-CBB3-41F2-8244-34B6BACD0512}"
EndProject
Global
	GlobalSection(SolutionConfigurationPlatforms) = preSolution
		Debug|Any CPU = Debug|Any CPU
		Release|Any CPU = Release|Any CPU
	EndGlobalSection
	GlobalSection(ProjectConfigurationPlatforms) = postSolution
		{17B15D4B-CBB3-41F2-8244-34B6BACD0512}.Debug|Any CPU.ActiveCfg = Debug|Any CPU
		{17B15D4B-CBB3-41F2-8244-34B6BACD0512}.Debug|Any CPU.Build.0 = Debug|Any CPU
		{17B15D4B-CBB3-41F2-8244-34B6BACD0512}.Release|Any CPU.ActiveCfg = Release|Any CPU
		{17B15D4B-CBB3-41F2-8244-34B6BACD0512}.Release|Any CPU.Build.0 = Release|Any CPU
	EndGlobalSection
	GlobalSection(SolutionProperties) = preSolution
		HideSolutionNode = FALSE
	EndGlobalSection
	GlobalSection(ExtensibilityGlobals) = postSolution
		SolutionGuid = {9EC00524-CA52-41A8-8036-BDEB4E82B4AB}
	EndGlobalSection
EndGlobal
